{
    "version": 3,
    "terraform_version": "0.11.13",
    "serial": 51,
    "lineage": "9d20046a-404a-d3b7-d3ac-6b9f6fc01e66",
    "modules": [
        {
            "path": [
                "root"
            ],
            "outputs": {
                "default-vpc-access-public_key": {
                    "sensitive": false,
                    "type": "string",
                    "value": "ssh-rsa AAAAB3NzaC1yc2EAAAADAQABAAABAQDBvRU73Kgr7rxTgXNOiDZG4/iYubUy1P4GsSE4fZlcs3TIDm5NltGFXo4MDwXSvBJuds1zWSDrNpnOTtWfifpenCZs/+y4TeBygK/5Pt04xQyboO5ytawSgLm4VCFwj8nibAcO1wkAtjh5+Q+sVcnsIhW7qTJ5OJwdTYJg4JJNJKn4FIfBMnucZkge2687qLioN3tPwgYG9LsPkdZHEM5kd/dO2AkFkzA3knREVmXCnpyq/c1gy9ufecMeR4nPszvHMgRlzfxx9SuDqjXER7KqYQRmmy7c7ThtwZ33BUVfRwnT+4jUns9WcShGYG3uWgItU9XWytX4JCGxtP0pXEUH dafault-vpc-access"
                },
                "public_ip": {
                    "sensitive": false,
                    "type": "string",
                    "value": "107.20.95.160"
                }
            },
            "resources": {
                "aws_iam_role.lambda_sm_s3_role": {
                    "type": "aws_iam_role",
                    "depends_on": [],
                    "primary": {
                        "id": "terraform-20190221150945793300000001",
                        "attributes": {
                            "arn": "arn:aws:iam::746022503515:role/terraform-20190221150945793300000001",
                            "assume_role_policy": "{\"Version\":\"2012-10-17\",\"Statement\":[{\"Sid\":\"\",\"Effect\":\"Allow\",\"Principal\":{\"Service\":\"lambda.amazonaws.com\"},\"Action\":\"sts:AssumeRole\"}]}",
                            "create_date": "2019-02-21T15:09:46Z",
                            "description": "Role giving lambda full access to S3 and SageMaker",
                            "force_detach_policies": "false",
                            "id": "terraform-20190221150945793300000001",
                            "max_session_duration": "3600",
                            "name": "terraform-20190221150945793300000001",
                            "path": "/",
                            "tags.%": "0",
                            "unique_id": "AROAICXC67ZPHUBA3H57C"
                        },
                        "meta": {},
                        "tainted": false
                    },
                    "deposed": [],
                    "provider": "provider.aws"
                },
                "aws_iam_role.sm_role": {
                    "type": "aws_iam_role",
                    "depends_on": [],
                    "primary": {
                        "id": "terraform-20190312171421277100000001",
                        "attributes": {
                            "arn": "arn:aws:iam::746022503515:role/terraform-20190312171421277100000001",
                            "assume_role_policy": "{\"Version\":\"2012-10-17\",\"Statement\":[{\"Sid\":\"\",\"Effect\":\"Allow\",\"Principal\":{\"Service\":\"sagemaker.amazonaws.com\"},\"Action\":\"sts:AssumeRole\"}]}",
                            "create_date": "2019-03-12T17:14:21Z",
                            "description": "Role giving lambda full access to S3 and SageMaker",
                            "force_detach_policies": "false",
                            "id": "terraform-20190312171421277100000001",
                            "max_session_duration": "3600",
                            "name": "terraform-20190312171421277100000001",
                            "path": "/",
                            "tags.%": "0",
                            "unique_id": "AROAJUWI3BHR4E5VS7MXY"
                        },
                        "meta": {},
                        "tainted": false
                    },
                    "deposed": [],
                    "provider": "provider.aws"
                },
                "aws_iam_role_policy_attachment.ec2fa-to-sm": {
                    "type": "aws_iam_role_policy_attachment",
                    "depends_on": [
                        "aws_iam_role.sm_role"
                    ],
                    "primary": {
                        "id": "terraform-20190312171421277100000001-20190312171423209400000003",
                        "attributes": {
                            "id": "terraform-20190312171421277100000001-20190312171423209400000003",
                            "policy_arn": "arn:aws:iam::aws:policy/AmazonEC2FullAccess",
                            "role": "terraform-20190312171421277100000001"
                        },
                        "meta": {},
                        "tainted": false
                    },
                    "deposed": [],
                    "provider": "provider.aws"
                },
                "aws_iam_role_policy_attachment.ecsfa-to-sm": {
                    "type": "aws_iam_role_policy_attachment",
                    "depends_on": [
                        "aws_iam_role.sm_role"
                    ],
                    "primary": {
                        "id": "terraform-20190312171421277100000001-20190312171423239900000005",
                        "attributes": {
                            "id": "terraform-20190312171421277100000001-20190312171423239900000005",
                            "policy_arn": "arn:aws:iam::aws:policy/AmazonECS_FullAccess",
                            "role": "terraform-20190312171421277100000001"
                        },
                        "meta": {},
                        "tainted": false
                    },
                    "deposed": [],
                    "provider": "provider.aws"
                },
                "aws_iam_role_policy_attachment.s3fa-to-lambda": {
                    "type": "aws_iam_role_policy_attachment",
                    "depends_on": [
                        "aws_iam_role.lambda_sm_s3_role"
                    ],
                    "primary": {
                        "id": "terraform-20190221150945793300000001-20190312171507706700000002",
                        "attributes": {
                            "id": "terraform-20190221150945793300000001-20190312171507706700000002",
                            "policy_arn": "arn:aws:iam::aws:policy/AmazonS3FullAccess",
                            "role": "terraform-20190221150945793300000001"
                        },
                        "meta": {},
                        "tainted": false
                    },
                    "deposed": [],
                    "provider": "provider.aws"
                },
                "aws_iam_role_policy_attachment.s3fa-to-sm": {
                    "type": "aws_iam_role_policy_attachment",
                    "depends_on": [
                        "aws_iam_role.sm_role"
                    ],
                    "primary": {
                        "id": "terraform-20190312171421277100000001-20190312171507675900000001",
                        "attributes": {
                            "id": "terraform-20190312171421277100000001-20190312171507675900000001",
                            "policy_arn": "arn:aws:iam::aws:policy/AmazonS3FullAccess",
                            "role": "terraform-20190312171421277100000001"
                        },
                        "meta": {},
                        "tainted": false
                    },
                    "deposed": [],
                    "provider": "provider.aws"
                },
                "aws_iam_role_policy_attachment.smfa-to-lambda": {
                    "type": "aws_iam_role_policy_attachment",
                    "depends_on": [
                        "aws_iam_role.lambda_sm_s3_role"
                    ],
                    "primary": {
                        "id": "terraform-20190221150945793300000001-20190312171508232100000003",
                        "attributes": {
                            "id": "terraform-20190221150945793300000001-20190312171508232100000003",
                            "policy_arn": "arn:aws:iam::aws:policy/AmazonSageMakerFullAccess",
                            "role": "terraform-20190221150945793300000001"
                        },
                        "meta": {},
                        "tainted": false
                    },
                    "deposed": [],
                    "provider": "provider.aws"
                },
                "aws_iam_role_policy_attachment.smfa-to-sm": {
                    "type": "aws_iam_role_policy_attachment",
                    "depends_on": [
                        "aws_iam_role.sm_role"
                    ],
                    "primary": {
                        "id": "terraform-20190312171421277100000001-20190312171423214900000004",
                        "attributes": {
                            "id": "terraform-20190312171421277100000001-20190312171423214900000004",
                            "policy_arn": "arn:aws:iam::aws:policy/AmazonSageMakerFullAccess",
                            "role": "terraform-20190312171421277100000001"
                        },
                        "meta": {},
                        "tainted": false
                    },
                    "deposed": [],
                    "provider": "provider.aws"
                },
                "aws_instance.stream_data_mock_instance": {
                    "type": "aws_instance",
                    "depends_on": [
                        "aws_key_pair.default-vpc-access",
                        "aws_security_group.default"
                    ],
                    "primary": {
                        "id": "i-0af4094ae7b8f41ee",
                        "attributes": {
                            "ami": "ami-035be7bafff33b6b6",
                            "arn": "arn:aws:ec2:us-east-1:746022503515:instance/i-0af4094ae7b8f41ee",
                            "associate_public_ip_address": "true",
                            "availability_zone": "us-east-1d",
                            "cpu_core_count": "1",
                            "cpu_threads_per_core": "1",
                            "credit_specification.#": "1",
                            "credit_specification.0.cpu_credits": "standard",
                            "disable_api_termination": "false",
                            "ebs_block_device.#": "0",
                            "ebs_optimized": "false",
                            "ephemeral_block_device.#": "0",
                            "get_password_data": "false",
                            "iam_instance_profile": "EC2_S3Access",
                            "id": "i-0af4094ae7b8f41ee",
                            "instance_state": "running",
                            "instance_type": "t2.micro",
                            "ipv6_addresses.#": "0",
                            "key_name": "default-vpc-access",
                            "monitoring": "false",
                            "network_interface.#": "0",
                            "network_interface_id": "eni-00a9c783f5ebedf07",
                            "password_data": "",
                            "placement_group": "",
                            "primary_network_interface_id": "eni-00a9c783f5ebedf07",
                            "private_dns": "ip-172-31-85-6.ec2.internal",
                            "private_ip": "172.31.85.6",
                            "public_dns": "ec2-3-80-129-178.compute-1.amazonaws.com",
                            "public_ip": "3.80.129.178",
                            "root_block_device.#": "1",
                            "root_block_device.0.delete_on_termination": "true",
                            "root_block_device.0.iops": "100",
                            "root_block_device.0.volume_id": "vol-028dbf8fe4c3a9edc",
                            "root_block_device.0.volume_size": "8",
                            "root_block_device.0.volume_type": "gp2",
                            "security_groups.#": "1",
                            "security_groups.1454479838": "allow_ssh",
                            "source_dest_check": "true",
                            "subnet_id": "subnet-06bf6dc43d91c7c00",
                            "tags.%": "0",
                            "tenancy": "default",
                            "volume_tags.%": "0",
                            "vpc_security_group_ids.#": "1",
                            "vpc_security_group_ids.2980362840": "sg-00cbf15565a3c3c4b"
                        },
                        "meta": {
                            "e2bfb730-ecaa-11e6-8f88-34363bc7c4c0": {
                                "create": 600000000000,
                                "delete": 1200000000000,
                                "update": 600000000000
                            },
                            "schema_version": "1"
                        },
                        "tainted": true
                    },
                    "deposed": [],
                    "provider": "provider.aws"
                },
                "aws_key_pair.default-vpc-access": {
                    "type": "aws_key_pair",
                    "depends_on": [],
                    "primary": {
                        "id": "default-vpc-access",
                        "attributes": {
                            "fingerprint": "0e:5a:a7:10:a6:3b:1d:0a:f8:ef:0f:a4:1e:42:0a:72",
                            "id": "default-vpc-access",
                            "key_name": "default-vpc-access",
                            "public_key": "ssh-rsa AAAAB3NzaC1yc2EAAAADAQABAAABAQDBvRU73Kgr7rxTgXNOiDZG4/iYubUy1P4GsSE4fZlcs3TIDm5NltGFXo4MDwXSvBJuds1zWSDrNpnOTtWfifpenCZs/+y4TeBygK/5Pt04xQyboO5ytawSgLm4VCFwj8nibAcO1wkAtjh5+Q+sVcnsIhW7qTJ5OJwdTYJg4JJNJKn4FIfBMnucZkge2687qLioN3tPwgYG9LsPkdZHEM5kd/dO2AkFkzA3knREVmXCnpyq/c1gy9ufecMeR4nPszvHMgRlzfxx9SuDqjXER7KqYQRmmy7c7ThtwZ33BUVfRwnT+4jUns9WcShGYG3uWgItU9XWytX4JCGxtP0pXEUH dafault-vpc-access"
                        },
                        "meta": {
                            "schema_version": "1"
                        },
                        "tainted": false
                    },
                    "deposed": [],
                    "provider": "provider.aws"
                },
                "aws_lambda_function.DataUploadToDeepAR": {
                    "type": "aws_lambda_function",
                    "depends_on": [
                        "aws_iam_role.lambda_sm_s3_role",
                        "aws_lambda_layer_version.matplotlib_layer",
                        "aws_lambda_layer_version.pandas_layer",
                        "local.DataUploadToDeepAR_zip_path"
                    ],
                    "primary": {
                        "id": "DataUploadToDeepAR",
                        "attributes": {
                            "arn": "arn:aws:lambda:us-east-1:746022503515:function:DataUploadToDeepAR",
                            "dead_letter_config.#": "0",
                            "description": "",
                            "environment.#": "1",
                            "environment.0.variables.%": "1",
                            "environment.0.variables.ENDPOINT_NAME": "Weekly-Deepar-2019-03-12-17-33-53-285",
                            "filename": "/home/hx/Prog/Gitted/BigDataAnalytics/terraform/../lambdas/data-upload-to-deepar/lambda.zip",
                            "function_name": "DataUploadToDeepAR",
                            "handler": "lambda.lambda_handler",
                            "id": "DataUploadToDeepAR",
                            "invoke_arn": "arn:aws:apigateway:us-east-1:lambda:path/2015-03-31/functions/arn:aws:lambda:us-east-1:746022503515:function:DataUploadToDeepAR/invocations",
                            "kms_key_arn": "",
                            "last_modified": "2019-03-13T11:17:10.558+0000",
                            "layers.#": "2",
                            "layers.0": "arn:aws:lambda:us-east-1:746022503515:layer:matplotlib:1",
                            "layers.1": "arn:aws:lambda:us-east-1:746022503515:layer:pandas:1",
                            "memory_size": "384",
                            "publish": "false",
                            "qualified_arn": "arn:aws:lambda:us-east-1:746022503515:function:DataUploadToDeepAR:$LATEST",
                            "reserved_concurrent_executions": "0",
                            "role": "arn:aws:iam::746022503515:role/terraform-20190221150945793300000001",
                            "runtime": "python3.7",
                            "source_code_hash": "C3hnDpBflNF9WfoAB1ytjmQT1cUnVcYnrxm9k6GSz7Y=",
                            "source_code_size": "2643",
                            "tags.%": "0",
                            "timeout": "45",
                            "tracing_config.#": "1",
                            "tracing_config.0.mode": "PassThrough",
                            "version": "$LATEST",
                            "vpc_config.#": "0"
                        },
                        "meta": {
                            "e2bfb730-ecaa-11e6-8f88-34363bc7c4c0": {
                                "create": 600000000000
                            }
                        },
                        "tainted": false
                    },
                    "deposed": [],
                    "provider": "provider.aws"
                },
                "aws_lambda_function.DataUploadToMP": {
                    "type": "aws_lambda_function",
                    "depends_on": [
                        "aws_iam_role.lambda_sm_s3_role",
                        "aws_lambda_layer_version.matplotlib_layer",
                        "aws_lambda_layer_version.pandas_layer",
                        "local.DataUploadToMP_zip_path"
                    ],
                    "primary": {
                        "id": "DataUploadToMP",
                        "attributes": {
                            "arn": "arn:aws:lambda:us-east-1:746022503515:function:DataUploadToMP",
                            "dead_letter_config.#": "0",
                            "description": "",
                            "environment.#": "1",
                            "environment.0.variables.%": "1",
                            "environment.0.variables.ENDPOINT_NAME": "mean-predictor",
                            "filename": "/home/hx/Prog/Gitted/BigDataAnalytics/terraform/../lambdas/data-upload-to-mp/lambda.zip",
                            "function_name": "DataUploadToMP",
                            "handler": "lambda_module.lambda_handler",
                            "id": "DataUploadToMP",
                            "invoke_arn": "arn:aws:apigateway:us-east-1:lambda:path/2015-03-31/functions/arn:aws:lambda:us-east-1:746022503515:function:DataUploadToMP/invocations",
                            "kms_key_arn": "",
                            "last_modified": "2019-03-13T11:16:37.444+0000",
                            "layers.#": "2",
                            "layers.0": "arn:aws:lambda:us-east-1:746022503515:layer:matplotlib:1",
                            "layers.1": "arn:aws:lambda:us-east-1:746022503515:layer:pandas:1",
                            "memory_size": "384",
                            "publish": "false",
                            "qualified_arn": "arn:aws:lambda:us-east-1:746022503515:function:DataUploadToMP:$LATEST",
                            "reserved_concurrent_executions": "0",
                            "role": "arn:aws:iam::746022503515:role/terraform-20190221150945793300000001",
                            "runtime": "python3.7",
                            "source_code_hash": "GXMKNRJhCMAiOlbjzWW/6lqnxg0ogLwsTpDMYSCPBmA=",
                            "source_code_size": "2167",
                            "tags.%": "0",
                            "timeout": "45",
                            "tracing_config.#": "1",
                            "tracing_config.0.mode": "PassThrough",
                            "version": "$LATEST",
                            "vpc_config.#": "0"
                        },
                        "meta": {
                            "e2bfb730-ecaa-11e6-8f88-34363bc7c4c0": {
                                "create": 600000000000
                            }
                        },
                        "tainted": false
                    },
                    "deposed": [],
                    "provider": "provider.aws"
                },
                "aws_lambda_layer_version.matplotlib_layer": {
                    "type": "aws_lambda_layer_version",
                    "depends_on": [
                        "local.matplotlib_layer_zip_path"
                    ],
                    "primary": {
                        "id": "arn:aws:lambda:us-east-1:746022503515:layer:matplotlib:1",
                        "attributes": {
                            "arn": "arn:aws:lambda:us-east-1:746022503515:layer:matplotlib",
                            "compatible_runtimes.#": "1",
                            "compatible_runtimes.4150330526": "python3.7",
                            "created_date": "2019-03-13T09:52:53.008+0000",
                            "description": "",
                            "filename": "/home/hx/Prog/Gitted/BigDataAnalytics/terraform/../lambdas/layers/matplotlib/layer.zip",
                            "id": "arn:aws:lambda:us-east-1:746022503515:layer:matplotlib:1",
                            "layer_arn": "arn:aws:lambda:us-east-1:746022503515:layer:matplotlib:1",
                            "layer_name": "matplotlib",
                            "license_info": "",
                            "source_code_hash": "VVFNw7v2q2XUIFAMYRDNx6/t616sXQ93OBYPGHxlXuw=",
                            "source_code_size": "36900000",
                            "version": "1"
                        },
                        "meta": {},
                        "tainted": false
                    },
                    "deposed": [],
                    "provider": "provider.aws"
                },
                "aws_lambda_layer_version.pandas_layer": {
                    "type": "aws_lambda_layer_version",
                    "depends_on": [
                        "local.pandas_layer_zip_path"
                    ],
                    "primary": {
                        "id": "arn:aws:lambda:us-east-1:746022503515:layer:pandas:1",
                        "attributes": {
                            "arn": "arn:aws:lambda:us-east-1:746022503515:layer:pandas",
                            "compatible_runtimes.#": "1",
                            "compatible_runtimes.4150330526": "python3.7",
                            "created_date": "2019-03-13T09:53:43.103+0000",
                            "description": "",
                            "filename": "/home/hx/Prog/Gitted/BigDataAnalytics/terraform/../lambdas/layers/pandas/layer.zip",
                            "id": "arn:aws:lambda:us-east-1:746022503515:layer:pandas:1",
                            "layer_arn": "arn:aws:lambda:us-east-1:746022503515:layer:pandas:1",
                            "layer_name": "pandas",
                            "license_info": "",
                            "source_code_hash": "fJDlKBY8QzEpsEcZSDzU/sR/9AGQpghOtS/AMnRA6lE=",
                            "source_code_size": "29462196",
                            "version": "1"
                        },
                        "meta": {},
                        "tainted": false
                    },
                    "deposed": [],
                    "provider": "provider.aws"
                },
                "aws_s3_bucket.datasets": {
                    "type": "aws_s3_bucket",
                    "depends_on": [
                        "aws_iam_role.sm_role"
                    ],
                    "primary": {
                        "id": "sanitized-datasets",
                        "attributes": {
                            "acceleration_status": "",
                            "arn": "arn:aws:s3:::sanitized-datasets",
                            "bucket": "sanitized-datasets",
                            "bucket_domain_name": "sanitized-datasets.s3.amazonaws.com",
                            "bucket_regional_domain_name": "sanitized-datasets.s3.amazonaws.com",
                            "cors_rule.#": "0",
                            "force_destroy": "true",
                            "hosted_zone_id": "Z3AQBSTGFYJSTF",
                            "id": "sanitized-datasets",
                            "lifecycle_rule.#": "0",
                            "logging.#": "0",
                            "object_lock_configuration.#": "0",
                            "region": "us-east-1",
                            "replication_configuration.#": "0",
                            "request_payer": "BucketOwner",
                            "server_side_encryption_configuration.#": "0",
                            "tags.%": "0",
                            "versioning.#": "1",
                            "versioning.0.enabled": "false",
                            "versioning.0.mfa_delete": "false",
                            "website.#": "0"
                        },
                        "meta": {},
                        "tainted": false
                    },
                    "deposed": [],
                    "provider": "provider.aws"
                },
                "aws_s3_bucket_notification.StreamMockCreate": {
                    "type": "aws_s3_bucket_notification",
                    "depends_on": [
                        "aws_s3_bucket.datasets",
                        "aws_sns_topic.data-upload"
                    ],
                    "primary": {
                        "id": "sanitized-datasets",
                        "attributes": {
                            "bucket": "sanitized-datasets",
                            "id": "sanitized-datasets",
                            "lambda_function.#": "0",
                            "queue.#": "0",
                            "topic.#": "1",
                            "topic.0.events.#": "1",
                            "topic.0.events.3356830603": "s3:ObjectCreated:*",
                            "topic.0.filter_prefix": "streaming-data-mock",
                            "topic.0.filter_suffix": "",
                            "topic.0.id": "tf-s3-topic-20190313134134522300000001",
                            "topic.0.topic_arn": "arn:aws:sns:us-east-1:746022503515:data-upload"
                        },
                        "meta": {},
                        "tainted": false
                    },
                    "deposed": [],
                    "provider": "provider.aws"
                },
                "aws_security_group.default": {
                    "type": "aws_security_group",
                    "depends_on": [],
                    "primary": {
                        "id": "sg-00cbf15565a3c3c4b",
                        "attributes": {
                            "arn": "arn:aws:ec2:us-east-1:746022503515:security-group/sg-00cbf15565a3c3c4b",
                            "description": "Allow SSH inbound traffic",
                            "egress.#": "1",
                            "egress.482069346.cidr_blocks.#": "1",
                            "egress.482069346.cidr_blocks.0": "0.0.0.0/0",
                            "egress.482069346.description": "",
                            "egress.482069346.from_port": "0",
                            "egress.482069346.ipv6_cidr_blocks.#": "0",
                            "egress.482069346.prefix_list_ids.#": "0",
                            "egress.482069346.protocol": "-1",
                            "egress.482069346.security_groups.#": "0",
                            "egress.482069346.self": "false",
                            "egress.482069346.to_port": "0",
                            "id": "sg-00cbf15565a3c3c4b",
                            "ingress.#": "1",
                            "ingress.1911780872.cidr_blocks.#": "1",
                            "ingress.1911780872.cidr_blocks.0": "0.0.0.0/0",
                            "ingress.1911780872.description": "",
                            "ingress.1911780872.from_port": "0",
                            "ingress.1911780872.ipv6_cidr_blocks.#": "0",
                            "ingress.1911780872.prefix_list_ids.#": "0",
                            "ingress.1911780872.protocol": "tcp",
                            "ingress.1911780872.security_groups.#": "0",
                            "ingress.1911780872.self": "false",
                            "ingress.1911780872.to_port": "22",
                            "name": "allow_ssh",
                            "owner_id": "746022503515",
                            "revoke_rules_on_delete": "false",
                            "tags.%": "0",
                            "vpc_id": "vpc-0b4ca976d89f5b070"
                        },
                        "meta": {
                            "e2bfb730-ecaa-11e6-8f88-34363bc7c4c0": {
                                "create": 600000000000,
                                "delete": 600000000000
                            },
                            "schema_version": "1"
                        },
                        "tainted": false
                    },
                    "deposed": [],
                    "provider": "provider.aws"
                },
                "aws_sns_topic.data-upload": {
                    "type": "aws_sns_topic",
                    "depends_on": [
                        "aws_s3_bucket.datasets"
                    ],
                    "primary": {
                        "id": "arn:aws:sns:us-east-1:746022503515:data-upload",
                        "attributes": {
                            "application_failure_feedback_role_arn": "",
                            "application_success_feedback_role_arn": "",
                            "application_success_feedback_sample_rate": "0",
                            "arn": "arn:aws:sns:us-east-1:746022503515:data-upload",
                            "delivery_policy": "",
                            "display_name": "BMW push",
                            "http_failure_feedback_role_arn": "",
                            "http_success_feedback_role_arn": "",
                            "http_success_feedback_sample_rate": "0",
                            "id": "arn:aws:sns:us-east-1:746022503515:data-upload",
                            "kms_master_key_id": "",
                            "lambda_failure_feedback_role_arn": "",
                            "lambda_success_feedback_role_arn": "",
                            "lambda_success_feedback_sample_rate": "0",
                            "name": "data-upload",
                            "policy": "{\"Version\":\"2008-10-17\",\"Id\":\"__default_policy_ID\",\"Statement\":[{\"Sid\":\"__default_statement_ID\",\"Effect\":\"Allow\",\"Principal\":{\"AWS\":\"*\"},\"Action\":[\"SNS:GetTopicAttributes\",\"SNS:SetTopicAttributes\",\"SNS:AddPermission\",\"SNS:RemovePermission\",\"SNS:DeleteTopic\",\"SNS:Subscribe\",\"SNS:ListSubscriptionsByTopic\",\"SNS:Publish\",\"SNS:Receive\"],\"Resource\":\"arn:aws:sns:us-east-1:746022503515:data-upload\",\"Condition\":{\"StringEquals\":{\"AWS:SourceOwner\":\"746022503515\"}}},{\"Sid\":\"_s3\",\"Effect\":\"Allow\",\"Principal\":{\"AWS\":\"*\"},\"Action\":\"SNS:Publish\",\"Resource\":\"arn:aws:sns:us-east-1:746022503515:data-upload\",\"Condition\":{\"ArnLike\":{\"aws:SourceArn\":\"arn:aws:s3:::sanitized-datasets\"}}},{\"Sid\":\"_s3s\",\"Effect\":\"Allow\",\"Principal\":{\"AWS\":\"*\"},\"Action\":\"SNS:Publish\",\"Resource\":\"arn:aws:sns:us-east-1:746022503515:data-upload\",\"Condition\":{\"StringEquals\":{\"aws:SourceArn\":\"arn:aws:s3:::fog-bigdata-bmw-data\"}}}]}",
                            "sqs_failure_feedback_role_arn": "",
                            "sqs_success_feedback_role_arn": "",
                            "sqs_success_feedback_sample_rate": "0"
                        },
                        "meta": {},
                        "tainted": false
                    },
                    "deposed": [],
                    "provider": "provider.aws"
                }
            },
            "depends_on": []
        }
    ]
}
